<?xml version="1.0" encoding="utf-8"?>
<Project ToolsVersion="16.0" xmlns="http://schemas.microsoft.com/developer/msbuild/2003">
  <ItemGroup>
    <ClCompile Include="C:\Users\Andrew\source\repos\ozmav\zsaten\badrdp\combine.c">
      <Filter>Source Files</Filter>
    </ClCompile>
    <ClCompile Include="C:\Users\Andrew\source\repos\ozmav\zsaten\badrdp\crc.c">
      <Filter>Source Files</Filter>
    </ClCompile>
    <ClCompile Include="C:\Users\Andrew\source\repos\ozmav\zsaten\badrdp\dlparse.c">
      <Filter>Source Files</Filter>
    </ClCompile>
    <ClCompile Include="C:\Users\Andrew\source\repos\ozmav\zsaten\badrdp\dump.c">
      <Filter>Source Files</Filter>
    </ClCompile>
    <ClCompile Include="C:\Users\Andrew\source\repos\ozmav\zsaten\badrdp\f3d.c">
      <Filter>Source Files</Filter>
    </ClCompile>
    <ClCompile Include="C:\Users\Andrew\source\repos\ozmav\zsaten\badrdp\f3dex.c">
      <Filter>Source Files</Filter>
    </ClCompile>
    <ClCompile Include="C:\Users\Andrew\source\repos\ozmav\zsaten\badrdp\f3dex2.c">
      <Filter>Source Files</Filter>
    </ClCompile>
    <ClCompile Include="C:\Users\Andrew\source\repos\ozmav\zsaten\badrdp\gdp.c">
      <Filter>Source Files</Filter>
    </ClCompile>
    <ClCompile Include="C:\Users\Andrew\source\repos\ozmav\zsaten\badrdp\gsp.c">
      <Filter>Source Files</Filter>
    </ClCompile>
    <ClCompile Include="C:\Users\Andrew\source\repos\ozmav\zsaten\badrdp\macro.c">
      <Filter>Source Files</Filter>
    </ClCompile>
    <ClCompile Include="C:\Users\Andrew\source\repos\ozmav\zsaten\badrdp\matrix.c">
      <Filter>Source Files</Filter>
    </ClCompile>
    <ClCompile Include="C:\Users\Andrew\source\repos\ozmav\zsaten\badrdp\opengl.c">
      <Filter>Source Files</Filter>
    </ClCompile>
    <ClCompile Include="C:\Users\Andrew\source\repos\ozmav\zsaten\badrdp\rdp.c">
      <Filter>Source Files</Filter>
    </ClCompile>
  </ItemGroup>
  <ItemGroup>
    <CustomBuild Include="C:\Users\Andrew\source\repos\ozmav\zsaten\badrdp\CMakeLists.txt" />
  </ItemGroup>
  <ItemGroup>
    <Filter Include="Source Files">
      <UniqueIdentifier>{81A642F5-551F-34B4-86F5-C14E05D63AFF}</UniqueIdentifier>
    </Filter>
  </ItemGroup>
</Project>
